
Microsoft Visual Studio Solution File, Format Version 12.00
# Visual Studio 2012
Project("{FAE04EC0-301F-11D3-BF4B-00C04F79EFBC}") = "H4SporSalonu", "H4SporSalonu\H4SporSalonu.csproj", "{D00BC717-3998-4984-84D5-3CA26C150917}"
EndProject
Global
	GlobalSection(SolutionConfigurationPlatforms) = preSolution
		Debug|x86 = Debug|x86
		Release|x86 = Release|x86
	EndGlobalSection
	GlobalSection(ProjectConfigurationPlatforms) = postSolution
		{D00BC717-3998-4984-84D5-3CA26C150917}.Debug|x86.ActiveCfg = Debug|x86
		{D00BC717-3998-4984-84D5-3CA26C150917}.Debug|x86.Build.0 = Debug|x86
		{D00BC717-3998-4984-84D5-3CA26C150917}.Release|x86.ActiveCfg = Release|x86
		{D00BC717-3998-4984-84D5-3CA26C150917}.Release|x86.Build.0 = Release|x86
	EndGlobalSection
EndGlobal
