
Microsoft Visual Studio Solution File, Format Version 12.00
# Visual Studio 2012
Project("{FAE04EC0-301F-11D3-BF4B-00C04F79EFBC}") = "AkisKontrol2", "AkisKontrol2\AkisKontrol2.csproj", "{64EFE302-7686-42FF-9AA6-A654D7ED5FCA}"
EndProject
Global
	GlobalSection(SolutionConfigurationPlatforms) = preSolution
		Debug|x86 = Debug|x86
		Release|x86 = Release|x86
	EndGlobalSection
	GlobalSection(ProjectConfigurationPlatforms) = postSolution
		{64EFE302-7686-42FF-9AA6-A654D7ED5FCA}.Debug|x86.ActiveCfg = Debug|x86
		{64EFE302-7686-42FF-9AA6-A654D7ED5FCA}.Debug|x86.Build.0 = Debug|x86
		{64EFE302-7686-42FF-9AA6-A654D7ED5FCA}.Release|x86.ActiveCfg = Release|x86
		{64EFE302-7686-42FF-9AA6-A654D7ED5FCA}.Release|x86.Build.0 = Release|x86
	EndGlobalSection
EndGlobal
