
Microsoft Visual Studio Solution File, Format Version 12.00
# Visual Studio 2012
Project("{FAE04EC0-301F-11D3-BF4B-00C04F79EFBC}") = "AkisKontrol1", "AkisKontrol1\AkisKontrol1.csproj", "{C3A1303D-9DAA-458F-9F2D-E6AA55BAFFF7}"
EndProject
Global
	GlobalSection(SolutionConfigurationPlatforms) = preSolution
		Debug|x86 = Debug|x86
		Release|x86 = Release|x86
	EndGlobalSection
	GlobalSection(ProjectConfigurationPlatforms) = postSolution
		{C3A1303D-9DAA-458F-9F2D-E6AA55BAFFF7}.Debug|x86.ActiveCfg = Debug|x86
		{C3A1303D-9DAA-458F-9F2D-E6AA55BAFFF7}.Debug|x86.Build.0 = Debug|x86
		{C3A1303D-9DAA-458F-9F2D-E6AA55BAFFF7}.Release|x86.ActiveCfg = Release|x86
		{C3A1303D-9DAA-458F-9F2D-E6AA55BAFFF7}.Release|x86.Build.0 = Release|x86
	EndGlobalSection
EndGlobal
