
Microsoft Visual Studio Solution File, Format Version 12.00
# Visual Studio 2012
Project("{FAE04EC0-301F-11D3-BF4B-00C04F79EFBC}") = "Dongu2IO", "Dongu2IO\Dongu2IO.csproj", "{3C6DA6AC-1AE4-4C49-91E9-B411E9B30892}"
EndProject
Global
	GlobalSection(SolutionConfigurationPlatforms) = preSolution
		Debug|x86 = Debug|x86
		Release|x86 = Release|x86
	EndGlobalSection
	GlobalSection(ProjectConfigurationPlatforms) = postSolution
		{3C6DA6AC-1AE4-4C49-91E9-B411E9B30892}.Debug|x86.ActiveCfg = Debug|x86
		{3C6DA6AC-1AE4-4C49-91E9-B411E9B30892}.Debug|x86.Build.0 = Debug|x86
		{3C6DA6AC-1AE4-4C49-91E9-B411E9B30892}.Release|x86.ActiveCfg = Release|x86
		{3C6DA6AC-1AE4-4C49-91E9-B411E9B30892}.Release|x86.Build.0 = Release|x86
	EndGlobalSection
EndGlobal
