
Microsoft Visual Studio Solution File, Format Version 12.00
# Visual Studio 2012
Project("{FAE04EC0-301F-11D3-BF4B-00C04F79EFBC}") = "SinifLab", "SinifLab\SinifLab.csproj", "{F14774F9-98D2-4A8D-954B-61179271B73B}"
EndProject
Global
	GlobalSection(SolutionConfigurationPlatforms) = preSolution
		Debug|Any CPU = Debug|Any CPU
		Release|Any CPU = Release|Any CPU
	EndGlobalSection
	GlobalSection(ProjectConfigurationPlatforms) = postSolution
		{F14774F9-98D2-4A8D-954B-61179271B73B}.Debug|Any CPU.ActiveCfg = Debug|Any CPU
		{F14774F9-98D2-4A8D-954B-61179271B73B}.Debug|Any CPU.Build.0 = Debug|Any CPU
		{F14774F9-98D2-4A8D-954B-61179271B73B}.Release|Any CPU.ActiveCfg = Release|Any CPU
		{F14774F9-98D2-4A8D-954B-61179271B73B}.Release|Any CPU.Build.0 = Release|Any CPU
	EndGlobalSection
	GlobalSection(SolutionProperties) = preSolution
		HideSolutionNode = FALSE
	EndGlobalSection
EndGlobal
