
Microsoft Visual Studio Solution File, Format Version 12.00
# Visual Studio 2012
Project("{FAE04EC0-301F-11D3-BF4B-00C04F79EFBC}") = "Islem1", "Islem1\Islem1.csproj", "{5222749D-6549-4ABF-83A6-0CF05A012D33}"
EndProject
Global
	GlobalSection(SolutionConfigurationPlatforms) = preSolution
		Debug|x86 = Debug|x86
		Release|x86 = Release|x86
	EndGlobalSection
	GlobalSection(ProjectConfigurationPlatforms) = postSolution
		{5222749D-6549-4ABF-83A6-0CF05A012D33}.Debug|x86.ActiveCfg = Debug|x86
		{5222749D-6549-4ABF-83A6-0CF05A012D33}.Debug|x86.Build.0 = Debug|x86
		{5222749D-6549-4ABF-83A6-0CF05A012D33}.Release|x86.ActiveCfg = Release|x86
		{5222749D-6549-4ABF-83A6-0CF05A012D33}.Release|x86.Build.0 = Release|x86
	EndGlobalSection
EndGlobal
