
Microsoft Visual Studio Solution File, Format Version 12.00
# Visual Studio 2012
Project("{FAE04EC0-301F-11D3-BF4B-00C04F79EFBC}") = "Islem1IO", "Islem1IO\Islem1IO.csproj", "{A948D3F8-DC61-46A1-8C32-3D161126BBA8}"
EndProject
Global
	GlobalSection(SolutionConfigurationPlatforms) = preSolution
		Debug|x86 = Debug|x86
		Release|x86 = Release|x86
	EndGlobalSection
	GlobalSection(ProjectConfigurationPlatforms) = postSolution
		{A948D3F8-DC61-46A1-8C32-3D161126BBA8}.Debug|x86.ActiveCfg = Debug|x86
		{A948D3F8-DC61-46A1-8C32-3D161126BBA8}.Debug|x86.Build.0 = Debug|x86
		{A948D3F8-DC61-46A1-8C32-3D161126BBA8}.Release|x86.ActiveCfg = Release|x86
		{A948D3F8-DC61-46A1-8C32-3D161126BBA8}.Release|x86.Build.0 = Release|x86
	EndGlobalSection
EndGlobal
